github.com/Flaque/filet v0.0.0-20190209224823-fc4d33cfcf93 h1:NnAUCP75PRm8yWE7+MZBIAR6PA9iwsBYEc6ZNYOy+AQ=
github.com/Flaque/filet v0.0.0-20190209224823-fc4d33cfcf93/go.mod h1:TK+jB3mBs+8ZMWhU5BqZKnZWJ1MrLo8etNVg51ueTBo=
github.com/cenkalti/backoff/v3 v3.0.0 h1:ske+9nBpD9qZsTBoF41nW5L+AIuFBKMeze18XQ3eG1c=
github.com/cenkalti/backoff/v3 v3.0.0/go.mod h1:cIeZDE3IrqwwJl6VUwCN6trj1oXrTS4rc0ij+ULvLYs=
github.com/davecgh/go-spew v1.1.0/go.mod h1:J7Y8YcW2NihsgmVo/mv3lAwl/skON4iLHjSsI+c5H38=
github.com/davecgh/go-spew v1.1.1 h1:vj9j/u1bqnvCEfJOwUhtlOARqs3+rkHYY13jYWTU97c=
github.com/davecgh/go-spew v1.1.1/go.mod h1:J7Y8YcW2NihsgmVo/mv3lAwl/skON4iLHjSsI+c5H38=
github.com/docopt/docopt-go v0.0.0-20180111231733-ee0de3bc6815 h1:bWDMxwH3px2JBh6AyO7hdCn/PkvCZXii8TGj7sbtEbQ=
github.com/docopt/docopt-go v0.0.0-20180111231733-ee0de3bc6815/go.mod h1:WwZ+bS3ebgob9U8Nd0kOddGdZWjyMGR8Wziv+TBNwSE=
github.com/fatih/camelcase v1.0.0 h1:hxNvNX/xYBp0ovncs8WyWZrOrpBNub/JfaMvbURyft8=
github.com/fatih/camelcase v1.0.0/go.mod h1:yN2Sb0lFhZJUdVvtELVWefmrXpuZESvPmqwoZc+/fpc=
github.com/ghodss/yaml v1.0.0/go.mod h1:4dBDuWmgqj2HViK6kFavaiC9ZROes6MMH2rRYeMEF04=
github.com/google/uuid v1.0.0/go.mod h1:TIyPZe4MgqvfeYDBFedMoGGpEw/LqOeaOT+nhxU+yHo=
github.com/google/uuid v1.1.1 h1:Gkbcsh/GbpXz7lPftLA3P6TYMwjCLYm83jiFQZF/3gY=
github.com/google/uuid v1.1.1/go.mod h1:TIyPZe4MgqvfeYDBFedMoGGpEw/LqOeaOT+nhxU+yHo=
github.com/kr/pretty v0.1.0 h1:L/CwN0zerZDmRFUapSPitk6f+Q3+0za1rQkzVuMiMFI=
github.com/kr/pretty v0.1.0/go.mod h1:dAy3ld7l9f0ibDNOQOHHMYYIIbhfbHSm3C4ZsoJORNo=
github.com/kr/pty v1.1.1/go.mod h1:pFQYn66WHrOpPYNljwOMqo10TkYh1fy3cYio2l3bCsQ=
github.com/kr/text v0.1.0 h1:45sCR5RtlFHMR4UwH9sdQ5TC8v0qDQCHnXt+kaKSTVE=
github.com/kr/text v0.1.0/go.mod h1:4Jbv+DJW3UT/LiOwJeYQe1efqtUx/iVham/4vfdArNI=
github.com/pborman/uuid v1.2.0 h1:J7Q5mO4ysT1dv8hyrUGHb9+ooztCXu1D8MY8DZYsu3g=
github.com/pborman/uuid v1.2.0/go.mod h1:X/NO0urCmaxf9VXbdlT7C2Yzkj2IKimNn4k+gtPdI/k=
github.com/pmezard/go-difflib v1.0.0 h1:4DBwDE0NGyQoBHbLQYPwSUPoCMWR5BEzIk/f1lZbAQM=
github.com/pmezard/go-difflib v1.0.0/go.mod h1:iKH77koFhYxTK1pcRnkKkqfTogsbg7gZNVY4sRDYZ/4=
github.com/spf13/afero v1.2.2 h1:5jhuqJyZCZf2JRofRvN/nIFgIWNzPa3/Vz8mYylgbWc=
github.com/spf13/afero v1.2.2/go.mod h1:9ZxEEn6pIJ8Rxe320qSDBk6AsU0r9pR7Q4OcevTdifk=
github.com/streadway/amqp v0.0.0-20190827072141-edfb9018d271/go.mod h1:AZpEONHx3DKn8O/DFsRAY58/XVQiIPMTMB1SddzLXVw=
github.com/streadway/amqp v0.0.0-20190827080102-edfb9018d271/go.mod h1:AZpEONHx3DKn8O/DFsRAY58/XVQiIPMTMB1SddzLXVw=
github.com/stretchr/objx v0.1.0/go.mod h1:HFkY916IF+rwdDfMAkV7OtwuqBVzrE8GR6GFx+wExME=
github.com/stretchr/testify v1.4.0 h1:2E4SXV/wtOkTonXsotYi4li6zVWxYlZuYNCXe9XRJyk=
github.com/stretchr/testify v1.4.0/go.mod h1:j7eGeouHqKxXV5pUuKE4zz7dFj8WfuZ+81PSLYec5m4=
github.com/taskcluster/httpbackoff/v3 v3.0.0 h1:Zh2BCW2iA3fzBBuZo2E4MvwyPSB6aimyI4EreeK3TRM=
github.com/taskcluster/httpbackoff/v3 v3.0.0/go.mod h1:99ubellEC0fmRj7wnGkPftT2xfCY7NmbjT3gzn2ZPUM=
github.com/taskcluster/jsonschema2go v1.0.0 h1:ZEDj2NKh8Sceq36zyLhSV6ann/aNXKZIe9cAXq7CDdk=
github.com/taskcluster/jsonschema2go v1.0.0/go.mod h1:jhsT3XPj3iLNRx0efJVfFzZBZgxeYE7IHfZAai8wuKQ=
github.com/taskcluster/pulse-go v1.0.0/go.mod h1:uuaqnRQj9XqouabCEKjnrlJiC6UT9Gurx2oSe6s+irM=
github.com/taskcluster/slugid-go v1.1.0 h1:SWsUplliyamdYzOKVM4+lDohZKuL63fKreGkvIKJ9aI=
github.com/taskcluster/slugid-go v1.1.0/go.mod h1:5sOAcPHjqso1UkKxSl77CkKgOwha0D9X0msBKBj0AOg=
github.com/taskcluster/taskcluster v22.0.0+incompatible h1:YZaDObwmVC0U7YPlvKLj3C3EEJw7X69QxnMBP5zO5gg=
github.com/taskcluster/taskcluster v23.0.0+incompatible h1:5ebTWpF3PFCvRxJFVGx6cBWhtaxpy+ZF8UXTXPlbHnc=
github.com/taskcluster/taskcluster-base-go v1.0.0 h1:Jh2R/J7+a23LjtYEHQtkFV04QBxx6EVX8E0PrzUqJo4=
github.com/taskcluster/taskcluster-base-go v1.0.0/go.mod h1:ByyzyqqufsfZTrAHUw+0Grp8FwZAizZOKzVE1IpDXxQ=
github.com/taskcluster/taskcluster-lib-urls v12.0.0+incompatible h1:57WLzh7B04y6ahTOJ8wjvdkbwYqnyJkwLXQ1Tu4E/DU=
github.com/taskcluster/taskcluster-lib-urls v12.0.0+incompatible/go.mod h1:ALqTgi15AmJGEGubRKM0ydlLAFatlQPrQrmal9YZpQs=
github.com/taskcluster/taskcluster-lib-urls v12.1.0+incompatible h1:YzwkIlgCZXbJHfg23GJCJ/kgSRh44btr5wEAviGUqVA=
github.com/taskcluster/taskcluster-lib-urls v12.1.0+incompatible/go.mod h1:ALqTgi15AmJGEGubRKM0ydlLAFatlQPrQrmal9YZpQs=
github.com/taskcluster/taskcluster-lib-urls v13.0.0+incompatible h1:JzXbHelZk1Kmi5JftwM47YOdHre2zddpP/cZCgXAkqM=
github.com/taskcluster/taskcluster-lib-urls v13.0.0+incompatible/go.mod h1:ALqTgi15AmJGEGubRKM0ydlLAFatlQPrQrmal9YZpQs=
github.com/taskcluster/taskcluster/clients/client-go/v17 v17.0.0 h1:y3GqEdBjty09pwYV63CTKDggrn2DM4VbHfWIs0tmHc4=
github.com/taskcluster/taskcluster/clients/client-go/v17 v17.0.0/go.mod h1:shpgbD7cBFgdZDPajxA5+XHojTf6TrNc28mVMzMoiyg=
github.com/taskcluster/taskcluster/clients/client-go/v18 v18.0.1 h1:nKTJgDfWUGa/Hna8q+8XADrLy6QavabNWRdvChc2aos=
github.com/taskcluster/taskcluster/clients/client-go/v18 v18.0.1/go.mod h1:g2ZNyEBj+8LZV+OdK5XIDewkSopI5gB6Kb02oB30DU8=
github.com/taskcluster/taskcluster/clients/client-go/v20 v20.0.0 h1:AjD0jOYZ1IFWGRkEau44OvvZDAj6L7ve8ZkiYVn19WA=
github.com/taskcluster/taskcluster/clients/client-go/v20 v20.0.0/go.mod h1:RZ6Hw2naatnAS1uqimkNZAJsurWOSozFNZY91TyfiGA=
github.com/taskcluster/taskcluster/clients/client-go/v21 v21.0.0 h1:wMXHa/ti+xhHWyrSgXTYmnMu8chy4iB/8t27Q/CRHac=
github.com/taskcluster/taskcluster/clients/client-go/v21 v21.0.0/go.mod h1:kptJwUApN8RC0b3JcHPIY6Sw2XZLnZnpQaAbprGdL7w=
github.com/taskcluster/taskcluster/clients/client-go/v21 v21.2.0 h1:asQDkhAfBMNPY935a7j1aE7oIK6xEHcYhFfgnz0MLEk=
github.com/taskcluster/taskcluster/clients/client-go/v21 v21.2.0/go.mod h1:kptJwUApN8RC0b3JcHPIY6Sw2XZLnZnpQaAbprGdL7w=
github.com/taskcluster/taskcluster/clients/client-go/v21 v21.3.0 h1:dqAKTSN4x/cmIb9ih0z+AELofzdAK5bgf1gjYgh0hoU=
github.com/taskcluster/taskcluster/clients/client-go/v21 v21.3.0/go.mod h1:kptJwUApN8RC0b3JcHPIY6Sw2XZLnZnpQaAbprGdL7w=
github.com/taskcluster/taskcluster/clients/client-go/v22 v22.0.0 h1:xL0R35SgFECKq0IgxwzQ06QKKK1O/1XSgfth/uwHqRY=
github.com/taskcluster/taskcluster/clients/client-go/v22 v22.0.0/go.mod h1:hUL+oOiiJHvt5/ftjYtOS4ElmUeL8WM2SrdaJShkydI=
github.com/taskcluster/taskcluster/clients/client-go/v22 v22.1.0 h1:VmwWA4T4GZx/7Xu2NXNEytz017AjiXFkeCCctaBeQ2E=
github.com/taskcluster/taskcluster/clients/client-go/v22 v22.1.0/go.mod h1:hUL+oOiiJHvt5/ftjYtOS4ElmUeL8WM2SrdaJShkydI=
github.com/taskcluster/taskcluster/clients/client-go/v22 v22.1.1 h1:+9c67eLkaf6tXL8c+uIQZDQP2z3MUoMpZGXyEahWefc=
github.com/taskcluster/taskcluster/clients/client-go/v22 v22.1.1/go.mod h1:hUL+oOiiJHvt5/ftjYtOS4ElmUeL8WM2SrdaJShkydI=
github.com/taskcluster/taskcluster/clients/client-go/v23 v23.0.0 h1:QQDQUy8zHLdfMF+EQEkA+NRGfjdykhHxNcPMakr+sm8=
github.com/taskcluster/taskcluster/clients/client-go/v23 v23.0.0/go.mod h1:5NZbdHaaF2/yjkHtlcEKm4AXs3EH3M5Kih0wAEGRlMs=
github.com/taskcluster/taskcluster/clients/client-go/v24 v24.0.0 h1:03uNIClKs8xbSkW517+d9aeBQVixPVYEThsi3TumZ8k=
github.com/taskcluster/taskcluster/clients/client-go/v24 v24.0.0/go.mod h1:/KuWQwJKVCMCvuhxUNo/L2zZtCI3SnQ82G84UMJiwww=
github.com/taskcluster/taskcluster/clients/client-go/v24 v24.0.1 h1:f2ghsNtDQgYFnoHAD7lw/I4imX1L7yDow7e4Etlqpys=
github.com/taskcluster/taskcluster/clients/client-go/v24 v24.0.1/go.mod h1:/KuWQwJKVCMCvuhxUNo/L2zZtCI3SnQ82G84UMJiwww=
github.com/taskcluster/taskcluster/clients/client-go/v24 v24.0.2 h1:Dhb/OcZZmOFPKyksC5yPTMXCuPK9g9C2DcG14+h2q08=
github.com/taskcluster/taskcluster/clients/client-go/v24 v24.0.2/go.mod h1:/KuWQwJKVCMCvuhxUNo/L2zZtCI3SnQ82G84UMJiwww=
github.com/taskcluster/taskcluster/clients/client-go/v24 v24.1.0 h1:WI5pSNdW9iN1BKseVX0nW+cgupOhFlcdwhHdnWzr1mI=
github.com/taskcluster/taskcluster/clients/client-go/v24 v24.1.0/go.mod h1:/KuWQwJKVCMCvuhxUNo/L2zZtCI3SnQ82G84UMJiwww=
github.com/taskcluster/taskcluster/clients/client-go/v24 v24.1.1 h1:Gk1pQR4dlEENNP0UpSIiQ7fSZF1EvrP3+zoK5xPODlY=
github.com/taskcluster/taskcluster/clients/client-go/v24 v24.1.1/go.mod h1:/KuWQwJKVCMCvuhxUNo/L2zZtCI3SnQ82G84UMJiwww=
github.com/tent/hawk-go v0.0.0-20161026210932-d341ea318957 h1:6Fre/uvwovW5YY4nfHZk66cAg9HjT9YdFSAJHUUgOyQ=
github.com/tent/hawk-go v0.0.0-20161026210932-d341ea318957/go.mod h1:dch7ywQEefE1ibFqBG1erFibrdUIwovcwQjksYuHuP4=
github.com/xeipuuv/gojsonpointer v0.0.0-20190905194746-02993c407bfb/go.mod h1:N2zxlSyiKSe5eX1tZViRH5QA0qijqEDrYZiPEAiq3wU=
github.com/xeipuuv/gojsonreference v0.0.0-20180127040603-bd5ef7bd5415/go.mod h1:GwrjFmJcFw6At/Gs6z4yjiIwzuJ1/+UwLxMQDVQXShQ=
github.com/xeipuuv/gojsonschema v1.1.0/go.mod h1:5yf86TLmAcydyeJq5YvxkGPE2fm/u4myDekKRoLuqhs=
golang.org/x/crypto v0.0.0-20190308221718-c2843e01d9a2/go.mod h1:djNgcEr1/C05ACkg1iLfiJU5Ep61QUkGW8qpdssI0+w=
golang.org/x/net v0.0.0-20190620200207-3b0461eec859/go.mod h1:z5CRVTTTmAJ677TzLLGU+0bjPO0LkuOLi4/5GtJWs/s=
golang.org/x/sync v0.0.0-20190423024810-112230192c58/go.mod h1:RxMgew5VJxzue5/jJTE5uejpjVlOe/izrB70Jof72aM=
golang.org/x/sys v0.0.0-20190215142949-d0b11bdaac8a/go.mod h1:STP8DvDyc/dI5b8T5hshtkjS+E42TnysNCUPdjciGhY=
golang.org/x/text v0.3.0 h1:g61tztE5qeGQ89tm6NTjjM9VPIm088od1l6aSorWRWg=
golang.org/x/text v0.3.0/go.mod h1:NqM8EUOU14njkJ3fqMW+pc6Ldnwhi/IjpwHt7yyuwOQ=
golang.org/x/text v0.3.2 h1:tW2bmiBqwgJj/UpqtC8EpXEZVYOwU0yG4iWbprSVAcs=
golang.org/x/text v0.3.2/go.mod h1:bEr9sfX3Q8Zfm5fL9x+3itogRgK3+ptLWKqgva+5dAk=
golang.org/x/tools v0.0.0-20180917221912-90fa682c2a6e/go.mod h1:n7NCudcB/nEzxVGmLbDWY5pfWTLqBcC2KZ6jyYvM4mQ=
golang.org/x/tools v0.0.0-20190719005602-e377ae9d6386/go.mod h1:jcCCGcm9btYwXyDqrUWc6MKQKKGJCWEQ3AfLSRIbEuI=
golang.org/x/tools v0.0.0-20190722020823-e377ae9d6386/go.mod h1:jcCCGcm9btYwXyDqrUWc6MKQKKGJCWEQ3AfLSRIbEuI=
gopkg.in/check.v1 v0.0.0-20161208181325-20d25e280405 h1:yhCVgyC4o1eVCa2tZl7eS0r+SDo693bJlVdllGtEeKM=
gopkg.in/check.v1 v0.0.0-20161208181325-20d25e280405/go.mod h1:Co6ibVJAznAaIkqp8huTwlJQCZ016jof/cbN4VW5Yz0=
gopkg.in/check.v1 v1.0.0-20190902080502-41f04d3bba15 h1:YR8cESwS4TdDjEe65xsg0ogRM/Nc3DYOhEAlW+xobZo=
gopkg.in/check.v1 v1.0.0-20190902080502-41f04d3bba15/go.mod h1:Co6ibVJAznAaIkqp8huTwlJQCZ016jof/cbN4VW5Yz0=
gopkg.in/yaml.v2 v2.2.2 h1:ZCJp+EgiOT7lHqUV2J862kp8Qj64Jo6az82+3Td9dZw=
gopkg.in/yaml.v2 v2.2.2/go.mod h1:hI93XBmqTisBFMUTm0b8Fm+jr3Dg1NNxqwp+5A1VGuI=
gopkg.in/yaml.v3 v3.0.0-20190502103701-55513cacd4ae h1:ehhBuCxzgQEGk38YjhFv/97fMIc2JGHZAhAWMmEjmu0=
gopkg.in/yaml.v3 v3.0.0-20190502103701-55513cacd4ae/go.mod h1:K4uyk7z7BCEPqu6E+C64Yfv1cQ7kz7rIZviUmN+EgEM=
