# This file is autogenerated, do not edit; changes may be undone by the next 'dep ensure'.


[[projects]]
  digest = "1:1c64086fbf0dd18ac978b87db880b67cc512388b83014aaea7666ec68f654999"
  name = "github.com/aws/aws-sdk-go"
  packages = [
    "aws",
    "aws/awserr",
    "aws/awsutil",
    "aws/client",
    "aws/client/metadata",
    "aws/corehandlers",
    "aws/credentials",
    "aws/credentials/ec2rolecreds",
    "aws/credentials/endpointcreds",
    "aws/credentials/processcreds",
    "aws/credentials/stscreds",
    "aws/csm",
    "aws/defaults",
    "aws/ec2metadata",
    "aws/endpoints",
    "aws/request",
    "aws/session",
    "aws/signer/v4",
    "internal/ini",
    "internal/sdkio",
    "internal/sdkrand",
    "internal/sdkuri",
    "internal/shareddefaults",
    "private/protocol",
    "private/protocol/ec2query",
    "private/protocol/query",
    "private/protocol/query/queryutil",
    "private/protocol/rest",
    "private/protocol/xml/xmlutil",
    "service/ec2",
    "service/sts",
  ]
  pruneopts = "UT"
  revision = "6ff66bb2b8ac90ac25b1dbbf9806f09651630789"
  version = "v1.17.12"

[[projects]]
  digest = "1:166438587ed45ac211dab8a3ecebf4fa0c186d0db63430fb9127bbc2e5fcdc67"
  name = "github.com/cenkalti/backoff"
  packages = ["."]
  pruneopts = "UT"
  revision = "1e4cf3da559842a91afcb6ea6141451e6c30c618"
  version = "v2.1.1"

[[projects]]
  digest = "1:fed1f537c2f1269fe475a8556c393fe466641682d73ef8fd0491cd3aa1e47bad"
  name = "github.com/certifi/gocertifi"
  packages = ["."]
  pruneopts = "UT"
  revision = "deb3ae2ef2610fde3330947281941c562861188b"
  version = "2018.01.18"

[[projects]]
  digest = "1:ffe9824d294da03b391f44e1ae8281281b4afc1bdaa9588c9097785e3af10cec"
  name = "github.com/davecgh/go-spew"
  packages = ["spew"]
  pruneopts = "UT"
  revision = "8991bc29aa16c548c550c7ff78260e27b9ab7c73"
  version = "v1.1.1"

[[projects]]
  branch = "master"
  digest = "1:fdae1c338ec6667687fb3fdbde842b3c421c930163981b5d441502b240b7f50b"
  name = "github.com/dchest/uniuri"
  packages = ["."]
  pruneopts = "UT"
  revision = "8902c56451e9b58ff940bbe5fec35d5f9c04584a"

[[projects]]
  digest = "1:abaaa7489a2f0f3afb2adc8ea1a282a5bd52350b87b26da220c94fc778d6d63b"
  name = "github.com/docopt/docopt-go"
  packages = ["."]
  pruneopts = "UT"
  revision = "784ddc588536785e7299f7272f39101f7faccc3f"
  version = "0.6.2"

[[projects]]
  digest = "1:d052bda13fd17bd8cf52ccae57b0a03ffeea80cffc2cffc62741235fa34f92cf"
  name = "github.com/dsnet/compress"
  packages = [
    ".",
    "bzip2",
    "bzip2/internal/sais",
    "internal",
    "internal/errors",
    "internal/prefix",
  ]
  pruneopts = "UT"
  revision = "da652975a8eea9fa0735aba8056747a751db0bd3"
  version = "v0.0.1"

[[projects]]
  digest = "1:bbc4aacabe6880bdbce849c64cb061b7eddf39f132af4ea2853ddd32f85fbec3"
  name = "github.com/fatih/camelcase"
  packages = ["."]
  pruneopts = "UT"
  revision = "44e46d280b43ec1531bb25252440e34f1b800b65"
  version = "v1.0.0"

[[projects]]
  digest = "1:e51147e761aa8b6769e05e586c7012eb221c8be72fbc68a4340a53b974e67b9f"
  name = "github.com/getsentry/raven-go"
  packages = ["."]
  pruneopts = "UT"
  revision = "3033899c76deb3fb6570d9c4074d00443aeab88f"
  version = "v0.1.2"

[[projects]]
  digest = "1:2cd7915ab26ede7d95b8749e6b1f933f1c6d5398030684e6505940a10f31cfda"
  name = "github.com/ghodss/yaml"
  packages = ["."]
  pruneopts = "UT"
  revision = "0ca9ea5df5451ffdf184b4428c902747c2c11cd7"
  version = "v1.0.0"

[[projects]]
  digest = "1:e4f5819333ac698d294fe04dbf640f84719658d5c7ce195b10060cc37292ce79"
  name = "github.com/golang/snappy"
  packages = ["."]
  pruneopts = "UT"
  revision = "2a8bb927dd31d8daada140a5d09578521ce5c36a"
  version = "v0.0.1"

[[projects]]
  digest = "1:582b704bebaa06b48c29b0cec224a6058a09c86883aaddabde889cd1a5f73e1b"
  name = "github.com/google/uuid"
  packages = ["."]
  pruneopts = "UT"
  revision = "0cd6bf5da1e1c83f8b45653022c74f71af0538a4"
  version = "v1.1.1"

[[projects]]
  digest = "1:7b5c6e2eeaa9ae5907c391a91c132abfd5c9e8a784a341b5625e750c67e6825d"
  name = "github.com/gorilla/websocket"
  packages = ["."]
  pruneopts = "UT"
  revision = "66b9c49e59c6c48f0ffce28c2d8b8a5678502c6d"
  version = "v1.4.0"

[[projects]]
  branch = "master"
  digest = "1:8a187cfc0da6aea41d2bc0f2d8fe09ccbca7441eab9cb63764b2842891e8481a"
  name = "github.com/hectane/go-acl"
  packages = [
    ".",
    "api",
  ]
  pruneopts = "UT"
  revision = "e28f47eff0c447e859f6c95bf830678734822412"

[[projects]]
  digest = "1:bb81097a5b62634f3e9fec1014657855610c82d19b9a40c17612e32651e35dca"
  name = "github.com/jmespath/go-jmespath"
  packages = ["."]
  pruneopts = "UT"
  revision = "c2b33e84"

[[projects]]
  digest = "1:15b5cc79aad436d47019f814fde81a10221c740dc8ddf769221a65097fb6c2e9"
  name = "github.com/kr/text"
  packages = ["."]
  pruneopts = "UT"
  revision = "e2ffdb16a802fe2bb95e2e35ff34f0e53aeef34f"
  version = "v0.1.0"

[[projects]]
  digest = "1:d6f988e7296cebe16d9c405b73bee34da871b382f7438c811279614a725239ae"
  name = "github.com/mholt/archiver"
  packages = ["."]
  pruneopts = "UT"
  revision = "de0d89e255e17c8d75a40122055763e743ab0593"
  version = "v2.1.0"

[[projects]]
  digest = "1:b93a939355dc613ca1c23bf39f6d4c207da431a31dd8af001cc334ad24cab9d3"
  name = "github.com/nwaples/rardecode"
  packages = ["."]
  pruneopts = "UT"
  revision = "cc3e4b2381762c56dbcdf9f93be03349a1dc1c14"
  version = "v1.0.0"

[[projects]]
  digest = "1:e5d0bd87abc2781d14e274807a470acd180f0499f8bf5bb18606e9ec22ad9de9"
  name = "github.com/pborman/uuid"
  packages = ["."]
  pruneopts = "UT"
  revision = "adf5a7427709b9deb95d29d3fa8a2bf9cfd388f1"
  version = "v1.2"

[[projects]]
  branch = "master"
  digest = "1:bd523cd8e345ac59c3e5401e5ebd8656546321e7b3b9f378c41059717a6167f8"
  name = "github.com/peterbourgon/mergemap"
  packages = ["."]
  pruneopts = "UT"
  revision = "e21c03b7a721e413718d2703181ead350d3c9d6f"

[[projects]]
  digest = "1:d4c88b5ad20151a96c1e5a55547a944b6af623aa315f69ee0d172b00f95d27fb"
  name = "github.com/pierrec/lz4"
  packages = [
    ".",
    "internal/xxh32",
  ]
  pruneopts = "UT"
  revision = "062282ea0dcff40c9fb8525789eef9644b1fbd6e"
  version = "v2.1.0"

[[projects]]
  digest = "1:cf31692c14422fa27c83a05292eb5cbe0fb2775972e8f1f8446a71549bd8980b"
  name = "github.com/pkg/errors"
  packages = ["."]
  pruneopts = "UT"
  revision = "ba968bfe8b2f7e042a574c888954fccecfa385b4"
  version = "v0.8.1"

[[projects]]
  digest = "1:0028cb19b2e4c3112225cd871870f2d9cf49b9b4276531f03438a88e94be86fe"
  name = "github.com/pmezard/go-difflib"
  packages = ["difflib"]
  pruneopts = "UT"
  revision = "792786c7400a136282c1664665ae0a8db921c6c2"
  version = "v1.0.0"

[[projects]]
  digest = "1:972c2427413d41a1e06ca4897e8528e5a1622894050e2f527b38ddf0f343f759"
  name = "github.com/stretchr/testify"
  packages = ["assert"]
  pruneopts = "UT"
  revision = "ffdc059bfe9ce6a4e144ba849dbedead332c6053"
  version = "v1.3.0"

[[projects]]
  branch = "master"
  digest = "1:05c1cdc553a7110217b9129031deb36593040cd29012593345c4e285e030dffd"
  name = "github.com/taskcluster/httpbackoff"
  packages = ["."]
  pruneopts = "UT"
  revision = "4545d7fbe683cb2ba8577cc9429c41cb973446fa"

[[projects]]
  branch = "master"
  digest = "1:a90308f3866f2e9d32aefd69cd61bc6b9bbd3c98bfcec40adfae056c5b63f4cd"
  name = "github.com/taskcluster/jsonschema2go"
  packages = [
    ".",
    "text",
  ]
  pruneopts = "UT"
  revision = "74c2458e50e658d0a3226117c9c5ceb6eefcd557"

[[projects]]
  branch = "master"
  digest = "1:9d2fddf7b0d6f289829759b062244e76ca98341193dd97e74600c7f4357e8c74"
  name = "github.com/taskcluster/shell"
  packages = ["."]
  pruneopts = "UT"
  revision = "2126c079596dd3242627a5f230ec0928a83184c3"

[[projects]]
  branch = "master"
  digest = "1:f4e525d7d0fc3186b235931db9d6748b0b653d313a622cac822383b60276301e"
  name = "github.com/taskcluster/slugid-go"
  packages = ["slugid"]
  pruneopts = "UT"
  revision = "f39bc6d245da8ffcb9e7e1be3be849dabd981605"

[[projects]]
  digest = "1:0d8abf6d848388e8900938e4abf4547396caaa001e063fd6b142e11ecf4dfeb1"
  name = "github.com/taskcluster/stateless-dns-go"
  packages = ["hostname"]
  pruneopts = "UT"
  revision = "82bb1231dc1226728e66e6fde7788f4faebb0f44"
  version = "v1.0.6"

[[projects]]
  branch = "master"
  digest = "1:39267933dd4a31ea61f5f99b9de6367d1c631c14164b8a44ff3d5fa35c4f2a79"
  name = "github.com/taskcluster/taskcluster-base-go"
  packages = [
    "jsontest",
    "scopes",
  ]
  pruneopts = "UT"
  revision = "47c1408983c2d8eecacddeefce1c9aaf51911a7b"

[[projects]]
  branch = "master"
  digest = "1:66f5329cb2d9b7b9592062d17c94c4b7abff2412c04673ce4fa1ce96d48024ed"
  name = "github.com/taskcluster/taskcluster-client-go"
  packages = [
    ".",
    "tcauth",
    "tcawsprovisioner",
    "tcgithub",
    "tcpurgecache",
    "tcqueue",
    "tcsecrets",
  ]
  pruneopts = "UT"
  revision = "8a9611ce9f2dcd711a40b1c84e6cc8da1caa81be"

[[projects]]
  digest = "1:4b61128f4f0ec9673dedd5e4d276f4399ee7e4087ea26582711c4a17911c2156"
  name = "github.com/taskcluster/taskcluster-lib-urls"
  packages = ["."]
  pruneopts = "UT"
  revision = "b6a71b141f997a5e74250bd63ea3a3f859af17d8"
  version = "v12.0.0"

[[projects]]
  branch = "master"
  digest = "1:cb31cc354eb67110972b30c95fcd024d890097a98543db0cdd4b872128b6d33e"
  name = "github.com/tent/hawk-go"
  packages = ["."]
  pruneopts = "UT"
  revision = "d341ea31895747c3b8f64837fef40ccf0c1143af"

[[projects]]
  digest = "1:2643d81498e38e44bdcf480be199cac55f29e97403b0342d962824bfe9960722"
  name = "github.com/ulikunitz/xz"
  packages = [
    ".",
    "internal/hash",
    "internal/xlog",
    "lzma",
  ]
  pruneopts = "UT"
  revision = "6f934d456d51e742b4eeab20d925a827ef22320a"
  version = "v0.5.6"

[[projects]]
  branch = "master"
  digest = "1:f4e5276a3b356f4692107047fd2890f2fe534f4feeb6b1fd2f6dfbd87f1ccf54"
  name = "github.com/xeipuuv/gojsonpointer"
  packages = ["."]
  pruneopts = "UT"
  revision = "4e3ac2762d5f479393488629ee9370b50873b3a6"

[[projects]]
  branch = "master"
  digest = "1:dc6a6c28ca45d38cfce9f7cb61681ee38c5b99ec1425339bfc1e1a7ba769c807"
  name = "github.com/xeipuuv/gojsonreference"
  packages = ["."]
  pruneopts = "UT"
  revision = "bd5ef7bd5415a7ac448318e64f11a24cd21e594b"

[[projects]]
  digest = "1:1c898ea6c30c16e8d55fdb6fe44c4bee5f9b7d68aa260cfdfc3024491dcc7bea"
  name = "github.com/xeipuuv/gojsonschema"
  packages = ["."]
  pruneopts = "UT"
  revision = "f971f3cd73b2899de6923801c147f075263e0c50"
  version = "v1.1.0"

[[projects]]
  branch = "master"
  digest = "1:531760761155bf41337096dd9df6ee6e880e163ad1ffafe03a28a89822df51e8"
  name = "golang.org/x/crypto"
  packages = [
    "cast5",
    "ed25519",
    "ed25519/internal/edwards25519",
  ]
  pruneopts = "UT"
  revision = "8dd112bcdc25174059e45e07517d9fc663123347"

[[projects]]
  branch = "master"
  digest = "1:7f56c2eb327a5d366dfe724f15edd266a89d1e2bd53b8ed0c649781517c0d8ad"
  name = "golang.org/x/sys"
  packages = [
    "windows",
    "windows/registry",
  ]
  pruneopts = "UT"
  revision = "b294cbcfc56d2a65a30c02c78722b5df061e99b8"

[[projects]]
  branch = "master"
  digest = "1:e46d8e20161401a9cf8765dfa428494a3492a0b56fe114156b7da792bf41ba78"
  name = "golang.org/x/tools"
  packages = [
    "go/ast/astutil",
    "go/gcexportdata",
    "go/internal/cgo",
    "go/internal/gcimporter",
    "go/internal/packagesdriver",
    "go/packages",
    "go/types/typeutil",
    "imports",
    "internal/fastwalk",
    "internal/gopathwalk",
    "internal/module",
    "internal/semver",
  ]
  pruneopts = "UT"
  revision = "69e0dcfa1121488c38c3c8f9624f7de769003896"

[[projects]]
  digest = "1:4d2e5a73dc1500038e504a8d78b986630e3626dc027bc030ba5c75da257cdb96"
  name = "gopkg.in/yaml.v2"
  packages = ["."]
  pruneopts = "UT"
  revision = "51d6538a90f86fe93ac480b35f37b2be17fef232"
  version = "v2.2.2"

[solve-meta]
  analyzer-name = "dep"
  analyzer-version = 1
  input-imports = [
    "github.com/aws/aws-sdk-go/aws",
    "github.com/aws/aws-sdk-go/aws/session",
    "github.com/aws/aws-sdk-go/service/ec2",
    "github.com/dchest/uniuri",
    "github.com/docopt/docopt-go",
    "github.com/getsentry/raven-go",
    "github.com/ghodss/yaml",
    "github.com/gorilla/websocket",
    "github.com/hectane/go-acl",
    "github.com/kr/text",
    "github.com/mholt/archiver",
    "github.com/peterbourgon/mergemap",
    "github.com/stretchr/testify/assert",
    "github.com/taskcluster/httpbackoff",
    "github.com/taskcluster/jsonschema2go",
    "github.com/taskcluster/shell",
    "github.com/taskcluster/slugid-go/slugid",
    "github.com/taskcluster/stateless-dns-go/hostname",
    "github.com/taskcluster/taskcluster-base-go/jsontest",
    "github.com/taskcluster/taskcluster-base-go/scopes",
    "github.com/taskcluster/taskcluster-client-go",
    "github.com/taskcluster/taskcluster-client-go/tcauth",
    "github.com/taskcluster/taskcluster-client-go/tcawsprovisioner",
    "github.com/taskcluster/taskcluster-client-go/tcgithub",
    "github.com/taskcluster/taskcluster-client-go/tcpurgecache",
    "github.com/taskcluster/taskcluster-client-go/tcqueue",
    "github.com/taskcluster/taskcluster-client-go/tcsecrets",
    "github.com/xeipuuv/gojsonschema",
    "golang.org/x/crypto/ed25519",
    "golang.org/x/sys/windows",
    "golang.org/x/sys/windows/registry",
    "golang.org/x/tools/imports",
  ]
  solver-name = "gps-cdcl"
  solver-version = 1
