# This file is generated by running "yarn install" inside your project.
# Manual changes might be lost - proceed with caution!

__metadata:
  version: 10
  cacheKey: 10c0

"@hapi/b64@npm:5.x.x":
  version: 5.0.0
  resolution: "@hapi/b64@npm:5.0.0"
  dependencies:
    "@hapi/hoek": "npm:9.x.x"
  checksum: 10c0/01389a2de70a3d48252f71786ee6b9487d571f999a46ea80b3481f84af66974e551e751286c85612d570ef714b35c07f9b71f765a05816584062f2726ad69ad8
  languageName: node
  linkType: hard

"@hapi/boom@npm:9.x.x":
  version: 9.1.4
  resolution: "@hapi/boom@npm:9.1.4"
  dependencies:
    "@hapi/hoek": "npm:9.x.x"
  checksum: 10c0/49bb99443e7bdbbdc87ee8de97cd64351e173b57d7c59061c69972d2de77fb98f2f440c1be42b37e1ac04f57c60fbb79f8fd3e9e5695360add560c37e2d584db
  languageName: node
  linkType: hard

"@hapi/cryptiles@npm:5.x.x":
  version: 5.1.0
  resolution: "@hapi/cryptiles@npm:5.1.0"
  dependencies:
    "@hapi/boom": "npm:9.x.x"
  checksum: 10c0/844b337d94febcd0b40990fcdbcb12bf06f19afc3c3a555a1f73d586250c5227f3a3368ac9a445f53d6bdef7acf0267376087280dfc6917387012d61b307f8b7
  languageName: node
  linkType: hard

"@hapi/hoek@npm:9.x.x":
  version: 9.3.0
  resolution: "@hapi/hoek@npm:9.3.0"
  checksum: 10c0/a096063805051fb8bba4c947e293c664b05a32b47e13bc654c0dd43813a1cec993bdd8f29ceb838020299e1d0f89f68dc0d62a603c13c9cc8541963f0beca055
  languageName: node
  linkType: hard

"@keyv/serialize@npm:^1.1.1":
  version: 1.1.1
  resolution: "@keyv/serialize@npm:1.1.1"
  checksum: 10c0/b0008cae4a54400c3abf587b8cc2474c6f528ee58969ce6cf9cb07a04006f80c73c85971d6be6544408318a2bc40108236a19a82aea0a6de95aae49533317374
  languageName: node
  linkType: hard

"@mswjs/interceptors@npm:^0.41.0":
  version: 0.41.7
  resolution: "@mswjs/interceptors@npm:0.41.7"
  dependencies:
    "@open-draft/deferred-promise": "npm:^2.2.0"
    "@open-draft/logger": "npm:^0.3.0"
    "@open-draft/until": "npm:^2.0.0"
    is-node-process: "npm:^1.2.0"
    outvariant: "npm:^1.4.3"
    strict-event-emitter: "npm:^0.5.1"
  checksum: 10c0/10ff5ed50ee48c665e3639381f4e3624e1dd088a8955c12506de9db331a41169f753bd5e64f2ad47a46b549686d361d3da036d87505cc4eb99b6127b4e2f970e
  languageName: node
  linkType: hard

"@open-draft/deferred-promise@npm:^2.2.0":
  version: 2.2.0
  resolution: "@open-draft/deferred-promise@npm:2.2.0"
  checksum: 10c0/eafc1b1d0fc8edb5e1c753c5e0f3293410b40dde2f92688211a54806d4136887051f39b98c1950370be258483deac9dfd17cf8b96557553765198ef2547e4549
  languageName: node
  linkType: hard

"@open-draft/logger@npm:^0.3.0":
  version: 0.3.0
  resolution: "@open-draft/logger@npm:0.3.0"
  dependencies:
    is-node-process: "npm:^1.2.0"
    outvariant: "npm:^1.4.0"
  checksum: 10c0/90010647b22e9693c16258f4f9adb034824d1771d3baa313057b9a37797f571181005bc50415a934eaf7c891d90ff71dcd7a9d5048b0b6bb438f31bef2c7c5c1
  languageName: node
  linkType: hard

"@open-draft/until@npm:^2.0.0":
  version: 2.1.0
  resolution: "@open-draft/until@npm:2.1.0"
  checksum: 10c0/61d3f99718dd86bb393fee2d7a785f961dcaf12f2055f0c693b27f4d0cd5f7a03d498a6d9289773b117590d794a43cd129366fd8e99222e4832f67b1653d54cf
  languageName: node
  linkType: hard

"@sec-ant/readable-stream@npm:^0.4.1":
  version: 0.4.1
  resolution: "@sec-ant/readable-stream@npm:0.4.1"
  checksum: 10c0/64e9e9cf161e848067a5bf60cdc04d18495dc28bb63a8d9f8993e4dd99b91ad34e4b563c85de17d91ffb177ec17a0664991d2e115f6543e73236a906068987af
  languageName: node
  linkType: hard

"@sindresorhus/is@npm:^8.0.0":
  version: 8.0.0
  resolution: "@sindresorhus/is@npm:8.0.0"
  checksum: 10c0/45fdbaf6abc77ce5b0a089b3acb02778799bd32ac9d55365ca18d6143871c99c2e1ccda1fa351b8c2678a23fe5a5097839d1796c69359258200e76222a852d40
  languageName: node
  linkType: hard

"@taskcluster/client@workspace:.":
  version: 0.0.0-use.local
  resolution: "@taskcluster/client@workspace:."
  dependencies:
    debug: "npm:^4.1.1"
    got: "npm:^15.0.3"
    hawk: "npm:^9.0.1"
    http-proxy: "npm:^1.18.0"
    lodash: "npm:^4.17.4"
    mocha: "npm:^12.0.2"
    nock: "npm:^14.0.13"
    slugid: "npm:^5.0.1"
    taskcluster-lib-urls: "npm:^13.0.0"
  languageName: unknown
  linkType: soft

"@types/http-cache-semantics@npm:^4.0.4":
  version: 4.2.0
  resolution: "@types/http-cache-semantics@npm:4.2.0"
  checksum: 10c0/82dd33cbe7d4843f1e884a251c6a12d385b62274353b9db167462e7fbffdbb3a83606f9952203017c5b8cabbd7b9eef0cf240a3a9dedd20f69875c9701939415
  languageName: node
  linkType: hard

"argparse@npm:^2.0.1":
  version: 2.0.1
  resolution: "argparse@npm:2.0.1"
  checksum: 10c0/c5640c2d89045371c7cedd6a70212a04e360fd34d6edeae32f6952c63949e3525ea77dbec0289d8213a99bbaeab5abfa860b5c12cf88a2e6cf8106e90dd27a7e
  languageName: node
  linkType: hard

"balanced-match@npm:^4.0.2":
  version: 4.0.4
  resolution: "balanced-match@npm:4.0.4"
  checksum: 10c0/07e86102a3eb2ee2a6a1a89164f29d0dbaebd28f2ca3f5ca786f36b8b23d9e417eb3be45a4acf754f837be5ac0a2317de90d3fcb7f4f4dc95720a1f36b26a17b
  languageName: node
  linkType: hard

"brace-expansion@npm:^5.0.8":
  version: 5.0.12
  resolution: "brace-expansion@npm:5.0.12"
  dependencies:
    balanced-match: "npm:^4.0.2"
  checksum: 10c0/a40ac64d3bdb5bb222456514d3633c1f627f03b844f509c69e70f98b78be0ce85e21b44bbfecdd0ddd4cc0855ca4242b41ea96ddccf88c7c3c7a84405474bb3a
  languageName: node
  linkType: hard

"browser-stdout@npm:^1.3.1":
  version: 1.3.1
  resolution: "browser-stdout@npm:1.3.1"
  checksum: 10c0/c40e482fd82be872b6ea7b9f7591beafbf6f5ba522fe3dade98ba1573a1c29a11101564993e4eb44e5488be8f44510af072df9a9637c739217eb155ceb639205
  languageName: node
  linkType: hard

"byte-counter@npm:^0.1.0":
  version: 0.1.0
  resolution: "byte-counter@npm:0.1.0"
  checksum: 10c0/2e7b9cf902d06a6601f8ab893964a8b6b9e2b2dfc60fcee0d340e50b95aa3dc77c4d34ddf3e63cc374b4e5b1d0d694a942de6fbe8ee95d39418f3fdff666b6a4
  languageName: node
  linkType: hard

"cacheable-lookup@npm:^7.0.0":
  version: 7.0.0
  resolution: "cacheable-lookup@npm:7.0.0"
  checksum: 10c0/63a9c144c5b45cb5549251e3ea774c04d63063b29e469f7584171d059d3a88f650f47869a974e2d07de62116463d742c287a81a625e791539d987115cb081635
  languageName: node
  linkType: hard

"cacheable-request@npm:^13.0.18":
  version: 13.0.18
  resolution: "cacheable-request@npm:13.0.18"
  dependencies:
    "@types/http-cache-semantics": "npm:^4.0.4"
    get-stream: "npm:^9.0.1"
    http-cache-semantics: "npm:^4.2.0"
    keyv: "npm:^5.5.5"
    mimic-response: "npm:^4.0.0"
    normalize-url: "npm:^8.1.1"
    responselike: "npm:^4.0.2"
  checksum: 10c0/251d4831a00d9d9a10a2875c2e653e00b7392ba289de2744f2e0f873839a3bc05f88267ce74dc734558a0d6ad21b360b45b43f075cc807b544c7fc676b62ff78
  languageName: node
  linkType: hard

"chokidar@npm:^5.0.0":
  version: 5.0.0
  resolution: "chokidar@npm:5.0.0"
  dependencies:
    readdirp: "npm:^5.0.0"
  checksum: 10c0/42fc907cb2a7ff5c9e220f84dae75380a77997f851c2a5e7865a2cf9ae45dd407a23557208cdcdbf3ac8c93341135a1748e4c48c31855f3bfa095e5159b6bdec
  languageName: node
  linkType: hard

"chunk-data@npm:^0.1.0":
  version: 0.1.0
  resolution: "chunk-data@npm:0.1.0"
  checksum: 10c0/0e6eefafded440f5857d53db48ca7b649642d9224d5ff991c2f5abed8e7a6a8f016fb31e3763f15234c0f289fb0486ac1b4d48e5ec3b0cd8dc1d59109ec7d2a2
  languageName: node
  linkType: hard

"debug@npm:^4.1.1, debug@npm:^4.3.5":
  version: 4.4.3
  resolution: "debug@npm:4.4.3"
  dependencies:
    ms: "npm:^2.1.3"
  peerDependenciesMeta:
    supports-color:
      optional: true
  checksum: 10c0/d79136ec6c83ecbefd0f6a5593da6a9c91ec4d7ddc4b54c883d6e71ec9accb5f67a1a5e96d00a328196b5b5c86d365e98d8a3a70856aaf16b4e7b1985e67f5a6
  languageName: node
  linkType: hard

"decompress-response@npm:^10.0.0":
  version: 10.0.0
  resolution: "decompress-response@npm:10.0.0"
  dependencies:
    mimic-response: "npm:^4.0.0"
  checksum: 10c0/e8ce13b3f790fbac1e75a7be9ce4f77be62a6e5fcccfd9bd73e9d8b48b9a3b6c1b7b918ecd321095f3839b3bc9b6f6af2b1bd9c905eeddc0d1177d297b073232
  languageName: node
  linkType: hard

"diff@npm:^9.0.0":
  version: 9.0.0
  resolution: "diff@npm:9.0.0"
  checksum: 10c0/a971cc88f66071a33bd3942db2f51b57d484e9856265ae45cf44fb28ab2fde91f132d9c26d8be0fb6082d2be94d29e1295c1adb251b7461935d6a2dd304cd161
  languageName: node
  linkType: hard

"eventemitter3@npm:^4.0.0":
  version: 4.0.7
  resolution: "eventemitter3@npm:4.0.7"
  checksum: 10c0/5f6d97cbcbac47be798e6355e3a7639a84ee1f7d9b199a07017f1d2f1e2fe236004d14fa5dfaeba661f94ea57805385e326236a6debbc7145c8877fbc0297c6b
  languageName: node
  linkType: hard

"find-up-simple@npm:^1.0.1":
  version: 1.0.1
  resolution: "find-up-simple@npm:1.0.1"
  checksum: 10c0/ad34de157b7db925d50ff78302fefb28e309f3bc947c93ffca0f9b0bccf9cf1a2dc57d805d5c94ec9fc60f4838f5dbdfd2a48ecd77c23015fa44c6dd5f60bc40
  languageName: node
  linkType: hard

"follow-redirects@npm:^1.0.0":
  version: 1.16.0
  resolution: "follow-redirects@npm:1.16.0"
  peerDependenciesMeta:
    debug:
      optional: true
  checksum: 10c0/a1e2900163e6f1b4d1ed5c221b607f41decbab65534c63fe7e287e40a5d552a6496e7d9d7d976fa4ba77b4c51c11e5e9f683f10b43011ea11e442ff128d0e181
  languageName: node
  linkType: hard

"get-stream@npm:^9.0.1":
  version: 9.0.1
  resolution: "get-stream@npm:9.0.1"
  dependencies:
    "@sec-ant/readable-stream": "npm:^0.4.1"
    is-stream: "npm:^4.0.1"
  checksum: 10c0/d70e73857f2eea1826ac570c3a912757dcfbe8a718a033fa0c23e12ac8e7d633195b01710e0559af574cbb5af101009b42df7b6f6b29ceec8dbdf7291931b948
  languageName: node
  linkType: hard

"glob@npm:^13.0.0":
  version: 13.0.6
  resolution: "glob@npm:13.0.6"
  dependencies:
    minimatch: "npm:^10.2.2"
    minipass: "npm:^7.1.3"
    path-scurry: "npm:^2.0.2"
  checksum: 10c0/269c236f11a9b50357fe7a8c6aadac667e01deb5242b19c84975628f05f4438d8ee1354bb62c5d6c10f37fd59911b54d7799730633a2786660d8c69f1d18120a
  languageName: node
  linkType: hard

"got@npm:^15.0.3":
  version: 15.1.0
  resolution: "got@npm:15.1.0"
  dependencies:
    "@sindresorhus/is": "npm:^8.0.0"
    byte-counter: "npm:^0.1.0"
    cacheable-lookup: "npm:^7.0.0"
    cacheable-request: "npm:^13.0.18"
    chunk-data: "npm:^0.1.0"
    decompress-response: "npm:^10.0.0"
    http2-wrapper: "npm:^2.2.1"
    keyv: "npm:^5.6.0"
    lowercase-keys: "npm:^4.0.1"
    responselike: "npm:^4.0.2"
    type-fest: "npm:^5.6.0"
    uint8array-extras: "npm:^1.5.0"
  checksum: 10c0/3d506d6d0593ffa56eb0bb5826ca1dce237f6d440d61029d76e07de10dacffae15a49685a949e71e33922a8965a7edce80b1d8300f1b5598eb5a0ac63db6b760
  languageName: node
  linkType: hard

"has-flag@npm:^4.0.0":
  version: 4.0.0
  resolution: "has-flag@npm:4.0.0"
  checksum: 10c0/2e789c61b7888d66993e14e8331449e525ef42aac53c627cc53d1c3334e768bcb6abdc4f5f0de1478a25beec6f0bd62c7549058b7ac53e924040d4f301f02fd1
  languageName: node
  linkType: hard

"hawk@npm:^9.0.1":
  version: 9.0.2
  resolution: "hawk@npm:9.0.2"
  dependencies:
    "@hapi/b64": "npm:5.x.x"
    "@hapi/boom": "npm:9.x.x"
    "@hapi/cryptiles": "npm:5.x.x"
    "@hapi/hoek": "npm:9.x.x"
  checksum: 10c0/1ba68811c37568c74df5039efd41ea45bc2ce811754cb533586af831bfcde13df3ea057edd951917558839530e13b05a579d9c02acbb030bd6c5359011960e0c
  languageName: node
  linkType: hard

"http-cache-semantics@npm:^4.2.0":
  version: 4.2.0
  resolution: "http-cache-semantics@npm:4.2.0"
  checksum: 10c0/45b66a945cf13ec2d1f29432277201313babf4a01d9e52f44b31ca923434083afeca03f18417f599c9ab3d0e7b618ceb21257542338b57c54b710463b4a53e37
  languageName: node
  linkType: hard

"http-proxy@npm:^1.18.0":
  version: 1.18.1
  resolution: "http-proxy@npm:1.18.1"
  dependencies:
    eventemitter3: "npm:^4.0.0"
    follow-redirects: "npm:^1.0.0"
    requires-port: "npm:^1.0.0"
  checksum: 10c0/148dfa700a03fb421e383aaaf88ac1d94521dfc34072f6c59770528c65250983c2e4ec996f2f03aa9f3fe46cd1270a593126068319311e3e8d9e610a37533e94
  languageName: node
  linkType: hard

"http2-wrapper@npm:^2.2.1":
  version: 2.2.1
  resolution: "http2-wrapper@npm:2.2.1"
  dependencies:
    quick-lru: "npm:^5.1.1"
    resolve-alpn: "npm:^1.2.0"
  checksum: 10c0/7207201d3c6e53e72e510c9b8912e4f3e468d3ecc0cf3bf52682f2aac9cd99358b896d1da4467380adc151cf97c412bedc59dc13dae90c523f42053a7449eedb
  languageName: node
  linkType: hard

"is-node-process@npm:^1.2.0":
  version: 1.2.0
  resolution: "is-node-process@npm:1.2.0"
  checksum: 10c0/5b24fda6776d00e42431d7bcd86bce81cb0b6cabeb944142fe7b077a54ada2e155066ad06dbe790abdb397884bdc3151e04a9707b8cd185099efbc79780573ed
  languageName: node
  linkType: hard

"is-path-inside@npm:^4.0.0":
  version: 4.0.0
  resolution: "is-path-inside@npm:4.0.0"
  checksum: 10c0/51188d7e2b1d907a9a5f7c18d99a90b60870b951ed87cf97595d9aaa429d4c010652c3350bcbf31182e7f4b0eab9a1860b43e16729b13cb1a44baaa6cdb64c46
  languageName: node
  linkType: hard

"is-stream@npm:^4.0.1":
  version: 4.0.1
  resolution: "is-stream@npm:4.0.1"
  checksum: 10c0/2706c7f19b851327ba374687bc4a3940805e14ca496dc672b9629e744d143b1ad9c6f1b162dece81c7bfbc0f83b32b61ccc19ad2e05aad2dd7af347408f60c7f
  languageName: node
  linkType: hard

"is-unicode-supported@npm:^0.1.0":
  version: 0.1.0
  resolution: "is-unicode-supported@npm:0.1.0"
  checksum: 10c0/00cbe3455c3756be68d2542c416cab888aebd5012781d6819749fefb15162ff23e38501fe681b3d751c73e8ff561ac09a5293eba6f58fdf0178462ce6dcb3453
  languageName: node
  linkType: hard

"js-yaml@npm:^5.0.0":
  version: 5.4.2
  resolution: "js-yaml@npm:5.4.2"
  dependencies:
    argparse: "npm:^2.0.1"
  bin:
    js-yaml: bin/js-yaml.mjs
  checksum: 10c0/ba7e0f72c93c7a84eca2c3de45d2a9188b16a20e83f036df723a3ac29e841496382d0b0849592f63028d1c640bcc5b65f88800da342f47469b5b99bda5c75bfc
  languageName: node
  linkType: hard

"json-stringify-safe@npm:^5.0.1":
  version: 5.0.1
  resolution: "json-stringify-safe@npm:5.0.1"
  checksum: 10c0/7dbf35cd0411d1d648dceb6d59ce5857ec939e52e4afc37601aa3da611f0987d5cee5b38d58329ceddf3ed48bd7215229c8d52059ab01f2444a338bf24ed0f37
  languageName: node
  linkType: hard

"keyv@npm:^5.5.5, keyv@npm:^5.6.0":
  version: 5.6.0
  resolution: "keyv@npm:5.6.0"
  dependencies:
    "@keyv/serialize": "npm:^1.1.1"
  checksum: 10c0/c3ea795b6e03593ca57c8f70928a69bad14c13389a7fb75649a115ff55615244b04d8902798d841c17f0bb4a8a8866c97133b543b93f151b440170bba09176db
  languageName: node
  linkType: hard

"lodash@npm:^4.17.4":
  version: 4.18.1
  resolution: "lodash@npm:4.18.1"
  checksum: 10c0/757228fc68805c59789e82185135cf85f05d0b2d3d54631d680ca79ec21944ec8314d4533639a14b8bcfbd97a517e78960933041a5af17ecb693ec6eecb99a27
  languageName: node
  linkType: hard

"lowercase-keys@npm:^3.0.0":
  version: 3.0.0
  resolution: "lowercase-keys@npm:3.0.0"
  checksum: 10c0/ef62b9fa5690ab0a6e4ef40c94efce68e3ed124f583cc3be38b26ff871da0178a28b9a84ce0c209653bb25ca135520ab87fea7cd411a54ac4899cb2f30501430
  languageName: node
  linkType: hard

"lowercase-keys@npm:^4.0.1":
  version: 4.0.1
  resolution: "lowercase-keys@npm:4.0.1"
  checksum: 10c0/07daec6b36c8be1824f463acfcc525b6ef6c198cc890724dda7918f3c68962172b70a82a07f22d244c8cfa1eefb225abde3f78ae93c05254f52141a9a718bd03
  languageName: node
  linkType: hard

"lru-cache@npm:^11.0.0":
  version: 11.5.3
  resolution: "lru-cache@npm:11.5.3"
  checksum: 10c0/2ad9bce6343a3544a1fd15364d8b35609aa52b2593d21fdc4877cabfe003b0f3deca4f9d6e9d13262f06e9e3d159de45c0a2f3edfc3adb46192333b5f146d8ed
  languageName: node
  linkType: hard

"mimic-response@npm:^4.0.0":
  version: 4.0.0
  resolution: "mimic-response@npm:4.0.0"
  checksum: 10c0/761d788d2668ae9292c489605ffd4fad220f442fbae6832adce5ebad086d691e906a6d5240c290293c7a11e99fbdbbef04abbbed498bf8699a4ee0f31315e3fb
  languageName: node
  linkType: hard

"minimatch@npm:^10.2.2":
  version: 10.2.6
  resolution: "minimatch@npm:10.2.6"
  dependencies:
    brace-expansion: "npm:^5.0.8"
  checksum: 10c0/4559a836243b98bd4d17ea9f7edae698717c76399eea7be374f3737f33164e4907f19e9726891ddeb122f750a5a7fa80d2ac43e851d6e5984dc4ff42ec127d3a
  languageName: node
  linkType: hard

"minipass@npm:^7.1.2, minipass@npm:^7.1.3":
  version: 7.1.3
  resolution: "minipass@npm:7.1.3"
  checksum: 10c0/539da88daca16533211ea5a9ee98dc62ff5742f531f54640dd34429e621955e91cc280a91a776026264b7f9f6735947629f920944e9c1558369e8bf22eb33fbb
  languageName: node
  linkType: hard

"mocha@npm:^12.0.2":
  version: 12.0.2
  resolution: "mocha@npm:12.0.2"
  dependencies:
    browser-stdout: "npm:^1.3.1"
    chokidar: "npm:^5.0.0"
    debug: "npm:^4.3.5"
    diff: "npm:^9.0.0"
    find-up-simple: "npm:^1.0.1"
    glob: "npm:^13.0.0"
    is-path-inside: "npm:^4.0.0"
    is-unicode-supported: "npm:^0.1.0"
    js-yaml: "npm:^5.0.0"
    minimatch: "npm:^10.2.2"
    ms: "npm:^2.1.3"
    picocolors: "npm:^1.1.1"
    serialize-javascript: "npm:^7.1.1"
    strip-json-comments: "npm:^5.0.3"
    supports-color: "npm:^8.1.1"
    workerpool: "npm:^10.0.0"
  bin:
    mocha: bin/mocha.js
  checksum: 10c0/11bf7ff6691b3f287b7e9e1cd35389add5d2ad4c5f6cdd66938fcbaed6caaa63025e341bd5971223c7e3a988dbf505e374ac1628c612ad9c9fb35bd837095c02
  languageName: node
  linkType: hard

"ms@npm:^2.1.3":
  version: 2.1.3
  resolution: "ms@npm:2.1.3"
  checksum: 10c0/d924b57e7312b3b63ad21fc5b3dc0af5e78d61a1fc7cfb5457edaf26326bf62be5307cc87ffb6862ef1c2b33b0233cdb5d4f01c4c958cc0d660948b65a287a48
  languageName: node
  linkType: hard

"nock@npm:^14.0.13":
  version: 14.0.17
  resolution: "nock@npm:14.0.17"
  dependencies:
    "@mswjs/interceptors": "npm:^0.41.0"
    json-stringify-safe: "npm:^5.0.1"
    propagate: "npm:^2.0.0"
  checksum: 10c0/4ea2f6c3ffcf1d6d1d23d708588cfe0c1815f59f63a15e6a6b9d0f01174e0b0224da7e485d6c3149df68dee929ce360ed8299d651d88e19021aa2e541e59aaf7
  languageName: node
  linkType: hard

"normalize-url@npm:^8.1.1":
  version: 8.1.1
  resolution: "normalize-url@npm:8.1.1"
  checksum: 10c0/1beb700ce42acb2288f39453cdf8001eead55bbf046d407936a40404af420b8c1c6be97a869884ae9e659d7b1c744e40e905c875ac9290644eec2e3e6fb0b370
  languageName: node
  linkType: hard

"outvariant@npm:^1.4.0, outvariant@npm:^1.4.3":
  version: 1.4.3
  resolution: "outvariant@npm:1.4.3"
  checksum: 10c0/5976ca7740349cb8c71bd3382e2a762b1aeca6f33dc984d9d896acdf3c61f78c3afcf1bfe9cc633a7b3c4b295ec94d292048f83ea2b2594fae4496656eba992c
  languageName: node
  linkType: hard

"path-scurry@npm:^2.0.2":
  version: 2.0.2
  resolution: "path-scurry@npm:2.0.2"
  dependencies:
    lru-cache: "npm:^11.0.0"
    minipass: "npm:^7.1.2"
  checksum: 10c0/b35ad37cf6557a87fd057121ce2be7695380c9138d93e87ae928609da259ea0a170fac6f3ef1eb3ece8a068e8b7f2f3adf5bb2374cf4d4a57fe484954fcc9482
  languageName: node
  linkType: hard

"picocolors@npm:^1.1.1":
  version: 1.1.1
  resolution: "picocolors@npm:1.1.1"
  checksum: 10c0/e2e3e8170ab9d7c7421969adaa7e1b31434f789afb9b3f115f6b96d91945041ac3ceb02e9ec6fe6510ff036bcc0bf91e69a1772edc0b707e12b19c0f2d6bcf58
  languageName: node
  linkType: hard

"propagate@npm:^2.0.0":
  version: 2.0.1
  resolution: "propagate@npm:2.0.1"
  checksum: 10c0/01e1023b60ae4050d1a2783f976d7db702022dbdb70dba797cceedad8cfc01b3939c41e77032f8c32aa9d93192fe937ebba1345e8604e5ce61fd3b62ee3003b8
  languageName: node
  linkType: hard

"quick-lru@npm:^5.1.1":
  version: 5.1.1
  resolution: "quick-lru@npm:5.1.1"
  checksum: 10c0/a24cba5da8cec30d70d2484be37622580f64765fb6390a928b17f60cd69e8dbd32a954b3ff9176fa1b86d86ff2ba05252fae55dc4d40d0291c60412b0ad096da
  languageName: node
  linkType: hard

"readdirp@npm:^5.0.0":
  version: 5.1.1
  resolution: "readdirp@npm:5.1.1"
  checksum: 10c0/5e99755684b9104761e48801828f4d2614efa33b1698629929c5985184dc63a7f8233c827832c40dc7be16b00cc871d303cf9de396d2fb74b9465ee2aa2424a1
  languageName: node
  linkType: hard

"requires-port@npm:^1.0.0":
  version: 1.0.0
  resolution: "requires-port@npm:1.0.0"
  checksum: 10c0/b2bfdd09db16c082c4326e573a82c0771daaf7b53b9ce8ad60ea46aa6e30aaf475fe9b164800b89f93b748d2c234d8abff945d2551ba47bf5698e04cd7713267
  languageName: node
  linkType: hard

"resolve-alpn@npm:^1.2.0":
  version: 1.2.1
  resolution: "resolve-alpn@npm:1.2.1"
  checksum: 10c0/b70b29c1843bc39781ef946c8cd4482e6d425976599c0f9c138cec8209e4e0736161bf39319b01676a847000085dfdaf63583c6fb4427bf751a10635bd2aa0c4
  languageName: node
  linkType: hard

"responselike@npm:^4.0.2":
  version: 4.0.2
  resolution: "responselike@npm:4.0.2"
  dependencies:
    lowercase-keys: "npm:^3.0.0"
  checksum: 10c0/8366407fc7f12466dd52682483a31dd6ca892481365caadea9a380196d8a6238650e064531087bebd25d7e9393f491efc2dad723fadc54db7a2b442dba8ef588
  languageName: node
  linkType: hard

"serialize-javascript@npm:^7.1.1":
  version: 7.1.2
  resolution: "serialize-javascript@npm:7.1.2"
  checksum: 10c0/568ea22e16893a26cd2506433b8d98bb82f4af37e149330a3deb042bd417516988e6ca9a5010739e1a8dc4866caae320f582dfd2a1a0f0ab69ba3c03f1e155ba
  languageName: node
  linkType: hard

"slugid@npm:^5.0.1":
  version: 5.0.1
  resolution: "slugid@npm:5.0.1"
  dependencies:
    uuid: "npm:^9.0.0"
  checksum: 10c0/08cc043cc5937ced8314efb5e47dec9c71ac99da5835fd012b948f991239147e8011c727cd74ce9e99ce2923b6047d35f20e4f8dc9b3bbfea1bbea20277ee915
  languageName: node
  linkType: hard

"strict-event-emitter@npm:^0.5.1":
  version: 0.5.1
  resolution: "strict-event-emitter@npm:0.5.1"
  checksum: 10c0/f5228a6e6b6393c57f52f62e673cfe3be3294b35d6f7842fc24b172ae0a6e6c209fa83241d0e433fc267c503bc2f4ffdbe41a9990ff8ffd5ac425ec0489417f7
  languageName: node
  linkType: hard

"strip-json-comments@npm:^5.0.3":
  version: 5.0.3
  resolution: "strip-json-comments@npm:5.0.3"
  checksum: 10c0/daaf20b29f69fb51112698f4a9a662490dbb78d5baf6127c75a0a83c2ac6c078a8c0f74b389ad5e0519d6fc359c4a57cb9971b1ae201aef62ce45a13247791e0
  languageName: node
  linkType: hard

"supports-color@npm:^8.1.1":
  version: 8.1.1
  resolution: "supports-color@npm:8.1.1"
  dependencies:
    has-flag: "npm:^4.0.0"
  checksum: 10c0/ea1d3c275dd604c974670f63943ed9bd83623edc102430c05adb8efc56ba492746b6e95386e7831b872ec3807fd89dd8eb43f735195f37b5ec343e4234cc7e89
  languageName: node
  linkType: hard

"tagged-tag@npm:^1.0.0":
  version: 1.0.0
  resolution: "tagged-tag@npm:1.0.0"
  checksum: 10c0/91d25c9ffb86a91f20522cefb2cbec9b64caa1febe27ad0df52f08993ff60888022d771e868e6416cf2e72dab68449d2139e8709ba009b74c6c7ecd4000048d1
  languageName: node
  linkType: hard

"taskcluster-lib-urls@npm:^13.0.0":
  version: 13.1.0
  resolution: "taskcluster-lib-urls@npm:13.1.0"
  checksum: 10c0/c77c4d28bfee0fa4799b238fd2cfe63fadac3a8431a304808646ca95ac96cf77832c6dc624cd9c0195957c157fd20c185c2dfc9b194365a95b6d3c9aaa832d88
  languageName: node
  linkType: hard

"type-fest@npm:^5.6.0":
  version: 5.6.0
  resolution: "type-fest@npm:5.6.0"
  dependencies:
    tagged-tag: "npm:^1.0.0"
  checksum: 10c0/5468a8ffda7f3904e6f7bbd8069eb8b6dd4bd9156e206df7a01d09a73e28cd1afedf74ead9d0fc12841c8c90074194859feca240511c50800962fde1bd9ddcbc
  languageName: node
  linkType: hard

"uint8array-extras@npm:^1.5.0":
  version: 1.5.0
  resolution: "uint8array-extras@npm:1.5.0"
  checksum: 10c0/0e74641ac7dadb02eadefc1ccdadba6010e007757bda824960de3c72bbe2b04e6d3af75648441f412148c4103261d54fcb60be45a2863beb76643a55fddba3bd
  languageName: node
  linkType: hard

"uuid@npm:^9.0.0":
  version: 9.0.1
  resolution: "uuid@npm:9.0.1"
  bin:
    uuid: dist/bin/uuid
  checksum: 10c0/1607dd32ac7fc22f2d8f77051e6a64845c9bce5cd3dd8aa0070c074ec73e666a1f63c7b4e0f4bf2bc8b9d59dc85a15e17807446d9d2b17c8485fbc2147b27f9b
  languageName: node
  linkType: hard

"workerpool@npm:^10.0.0":
  version: 10.0.3
  resolution: "workerpool@npm:10.0.3"
  checksum: 10c0/a20a274ac9afc6c329f5b1661914a8ebd160320cfbd816b723b6ef385e41b186ef0bf2d6d82a77556fc33599ce14e40c7fdfd44a2a4daff488257cdd396fa9e9
  languageName: node
  linkType: hard
