{
    "index": {
        "commit": "bb9418ae76300e3fdb0f89c01ae14e9d7574899d",
        "image": "206f81369b536faf17df1b6d5545b3065d927420af2c21caafaa142eae35bb6b"
    },
    "queue": {
        "commit": "04c3c40d80273ccfd7d14ead3a46cf798e0882ff",
        "image": "9701f3e15db34339bf197d52aad195301fc251761e9dec8066618b5b57d0db9a"
    },
    "auth": {
        "commit": "a41f55e30ac58183cf87f78fcb2f1a7d3835e1a2",
        "image": "f7b87fe99e1a214f539e2139fbf7ad984ec0b9f57263b3cb91917d99337852b6"
    },
    "github": {
        "commit": "064d90ab0f3c986f68a5ef5f49744fda63cd032d",
        "image": "ce1e6fad8829bf59044962d713785f463616cea57359d4a9e72675ee418793ff"
    },
    "notify": {
        "commit": "0862372f2530af7e75724ebfd5c9ff99a618c9fa",
        "image": "bf45bac98eb1cec583c958ec150e89baa0b49f1a4b69a9b596f38f96a4f6c068"
    },
    "purgeCache": {
        "commit": "90de01186192a4fdf5e8126407ce99df3f84acb0",
        "image": "da83e3d4e419319b2544adddd8e0e898d098ed8d6299f9667853ab105b3d77a8"
    },
    "secrets": {
        "commit": "6542814471e470183aef2e2fd8df1a4c38859f85",
        "image": "43da189401afec827f6fe146cc734df166f0130d3074f040ef124c51b92a49b7"
    },
    "hooks": {
        "commit": "0e0495e4db72592eb1c82fab76e7339c274bef25",
        "image": "46e093a621ea6148fb0916ed988187f54f5e5db5b7ce403a8b9fd1b186c727aa"
    }
}
