github.com/cenkalti/backoff v2.1.1+incompatible h1:tKJnvO2kl0zmb/jA5UKAt4VoEVw1qxKWjE/Bpp46npY=
github.com/cenkalti/backoff v2.1.1+incompatible/go.mod h1:90ReRw6GdpyfrHakVjL/QHaoyV4aDUVVkXQJJJ3NXXM=
github.com/cenkalti/backoff/v3 v3.0.0/go.mod h1:cIeZDE3IrqwwJl6VUwCN6trj1oXrTS4rc0ij+ULvLYs=
github.com/davecgh/go-spew v1.1.1 h1:vj9j/u1bqnvCEfJOwUhtlOARqs3+rkHYY13jYWTU97c=
github.com/davecgh/go-spew v1.1.1/go.mod h1:J7Y8YcW2NihsgmVo/mv3lAwl/skON4iLHjSsI+c5H38=
github.com/docopt/docopt-go v0.0.0-20180111231733-ee0de3bc6815/go.mod h1:WwZ+bS3ebgob9U8Nd0kOddGdZWjyMGR8Wziv+TBNwSE=
github.com/fatih/camelcase v1.0.0 h1:hxNvNX/xYBp0ovncs8WyWZrOrpBNub/JfaMvbURyft8=
github.com/fatih/camelcase v1.0.0/go.mod h1:yN2Sb0lFhZJUdVvtELVWefmrXpuZESvPmqwoZc+/fpc=
github.com/ghodss/yaml v1.0.0/go.mod h1:4dBDuWmgqj2HViK6kFavaiC9ZROes6MMH2rRYeMEF04=
github.com/google/uuid v1.0.0 h1:b4Gk+7WdP/d3HZH8EJsZpvV7EtDOgaZLtnaNGIu1adA=
github.com/google/uuid v1.0.0/go.mod h1:TIyPZe4MgqvfeYDBFedMoGGpEw/LqOeaOT+nhxU+yHo=
github.com/inconshreveable/mousetrap v1.0.0 h1:Z8tu5sraLXCXIcARxBp/8cbvlwVa7Z1NHg9XEKhtSvM=
github.com/inconshreveable/mousetrap v1.0.0/go.mod h1:PxqpIevigyE2G7u3NXJIT2ANytuPF1OarO4DADm73n8=
github.com/kr/pretty v0.1.0 h1:L/CwN0zerZDmRFUapSPitk6f+Q3+0za1rQkzVuMiMFI=
github.com/kr/pretty v0.1.0/go.mod h1:dAy3ld7l9f0ibDNOQOHHMYYIIbhfbHSm3C4ZsoJORNo=
github.com/kr/pty v1.1.1 h1:VkoXIwSboBpnk99O/KFauAEILuNHv5DVFKZMBN/gUgw=
github.com/kr/pty v1.1.1/go.mod h1:pFQYn66WHrOpPYNljwOMqo10TkYh1fy3cYio2l3bCsQ=
github.com/kr/text v0.1.0 h1:45sCR5RtlFHMR4UwH9sdQ5TC8v0qDQCHnXt+kaKSTVE=
github.com/kr/text v0.1.0/go.mod h1:4Jbv+DJW3UT/LiOwJeYQe1efqtUx/iVham/4vfdArNI=
github.com/mitchellh/go-homedir v0.0.0-20161203194507-b8bc1bf76747 h1:eQox4Rh4ewJF+mqYPxCkmBAirRnPaHEB26UkNuPyjlk=
github.com/mitchellh/go-homedir v0.0.0-20161203194507-b8bc1bf76747/go.mod h1:SfyaCUpYCn1Vlf4IUYiD9fPX4A5wJrkLzIz1N1q0pr0=
github.com/pborman/uuid v1.2.0 h1:J7Q5mO4ysT1dv8hyrUGHb9+ooztCXu1D8MY8DZYsu3g=
github.com/pborman/uuid v1.2.0/go.mod h1:X/NO0urCmaxf9VXbdlT7C2Yzkj2IKimNn4k+gtPdI/k=
github.com/pkg/browser v0.0.0-20170505125900-c90ca0c84f15 h1:mrI+6Ae64Wjt+uahGe5we/sPS1sXjvfT3YjtawAVgps=
github.com/pkg/browser v0.0.0-20170505125900-c90ca0c84f15/go.mod h1:4OwLy04Bl9Ef3GJJCoec+30X3LQs/0/m4HFRt/2LUSA=
github.com/pmezard/go-difflib v1.0.0 h1:4DBwDE0NGyQoBHbLQYPwSUPoCMWR5BEzIk/f1lZbAQM=
github.com/pmezard/go-difflib v1.0.0/go.mod h1:iKH77koFhYxTK1pcRnkKkqfTogsbg7gZNVY4sRDYZ/4=
github.com/spf13/cobra v0.0.0-20170402141434-7aeaa2cce6ae h1:vMMdh6mLee8h+vZNGN13Q4vBJfl+B4xMj3Crqpi2FiQ=
github.com/spf13/cobra v0.0.0-20170402141434-7aeaa2cce6ae/go.mod h1:1l0Ry5zgKvJasoi3XT1TypsSe7PqH0Sj9dhYf7v3XqQ=
github.com/spf13/pflag v0.0.0-20170405141832-9a906f173749 h1:GkC7SjcEvqTlf+ahHhQsFBG/tY0FNg7BUXLG+mGubvc=
github.com/spf13/pflag v0.0.0-20170405141832-9a906f173749/go.mod h1:DYY7MBk1bdzusC3SYhjObp+wFpr4gzcvqqNjLnInEg4=
github.com/streadway/amqp v0.0.0-20190404075320-75d898a42a94/go.mod h1:AZpEONHx3DKn8O/DFsRAY58/XVQiIPMTMB1SddzLXVw=
github.com/stretchr/testify v1.2.2 h1:bSDNvY7ZPG5RlJ8otE/7V6gMiyenm9RtJ7IUVIAoJ1w=
github.com/stretchr/testify v1.2.2/go.mod h1:a8OnRcib4nhh0OaRAV+Yts87kKdq0PP7pXfy6kDkUVs=
github.com/taskcluster/go-got v0.0.0-20190124144129-fcbc014b2883 h1:MIGsS9yus9g/UW1MlB1gYZInDDA0XlRt4L385Xn/p9E=
github.com/taskcluster/go-got v0.0.0-20190124144129-fcbc014b2883/go.mod h1:HTybyl/tXQVIHGzZDrco0HzB7tixubXMw29q1n8G0Wc=
github.com/taskcluster/httpbackoff v1.0.0 h1:bdh5txPv6geBVSEcx7Jy3kqiBaIrCZJwzCotPJKf9DU=
github.com/taskcluster/httpbackoff v1.0.0/go.mod h1:DEx05B3r52XQRbgzZ5y6XorMjVXBhtoHgc/ap+yLXgY=
github.com/taskcluster/jsonschema2go v1.0.0 h1:ZEDj2NKh8Sceq36zyLhSV6ann/aNXKZIe9cAXq7CDdk=
github.com/taskcluster/jsonschema2go v1.0.0/go.mod h1:jhsT3XPj3iLNRx0efJVfFzZBZgxeYE7IHfZAai8wuKQ=
github.com/taskcluster/pulse-go v1.0.0/go.mod h1:uuaqnRQj9XqouabCEKjnrlJiC6UT9Gurx2oSe6s+irM=
github.com/taskcluster/slugid-go v1.1.0 h1:SWsUplliyamdYzOKVM4+lDohZKuL63fKreGkvIKJ9aI=
github.com/taskcluster/slugid-go v1.1.0/go.mod h1:5sOAcPHjqso1UkKxSl77CkKgOwha0D9X0msBKBj0AOg=
github.com/taskcluster/taskcluster-base-go v1.0.0 h1:Jh2R/J7+a23LjtYEHQtkFV04QBxx6EVX8E0PrzUqJo4=
github.com/taskcluster/taskcluster-base-go v1.0.0/go.mod h1:ByyzyqqufsfZTrAHUw+0Grp8FwZAizZOKzVE1IpDXxQ=
github.com/taskcluster/taskcluster-lib-urls v12.0.0+incompatible h1:57WLzh7B04y6ahTOJ8wjvdkbwYqnyJkwLXQ1Tu4E/DU=
github.com/taskcluster/taskcluster-lib-urls v12.0.0+incompatible/go.mod h1:ALqTgi15AmJGEGubRKM0ydlLAFatlQPrQrmal9YZpQs=
github.com/tent/hawk-go v0.0.0-20161026210932-d341ea318957 h1:6Fre/uvwovW5YY4nfHZk66cAg9HjT9YdFSAJHUUgOyQ=
github.com/tent/hawk-go v0.0.0-20161026210932-d341ea318957/go.mod h1:dch7ywQEefE1ibFqBG1erFibrdUIwovcwQjksYuHuP4=
github.com/xeipuuv/gojsonpointer v0.0.0-20180127040702-4e3ac2762d5f h1:J9EGpcZtP0E/raorCMxlFGSTBrsSlaDGf3jU/qvAE2c=
github.com/xeipuuv/gojsonpointer v0.0.0-20180127040702-4e3ac2762d5f/go.mod h1:N2zxlSyiKSe5eX1tZViRH5QA0qijqEDrYZiPEAiq3wU=
github.com/xeipuuv/gojsonreference v0.0.0-20180127040603-bd5ef7bd5415 h1:EzJWgHovont7NscjpAxXsDA8S8BMYve8Y5+7cuRE7R0=
github.com/xeipuuv/gojsonreference v0.0.0-20180127040603-bd5ef7bd5415/go.mod h1:GwrjFmJcFw6At/Gs6z4yjiIwzuJ1/+UwLxMQDVQXShQ=
github.com/xeipuuv/gojsonschema v1.1.0 h1:ngVtJC9TY/lg0AA/1k48FYhBrhRoFlEmWzsehpNAaZg=
github.com/xeipuuv/gojsonschema v1.1.0/go.mod h1:5yf86TLmAcydyeJq5YvxkGPE2fm/u4myDekKRoLuqhs=
golang.org/x/crypto v0.0.0-20190308221718-c2843e01d9a2/go.mod h1:djNgcEr1/C05ACkg1iLfiJU5Ep61QUkGW8qpdssI0+w=
golang.org/x/net v0.0.0-20190620200207-3b0461eec859 h1:R/3boaszxrf1GEUWTVDzSKVwLmSJpwZ1yqXm8j0v2QI=
golang.org/x/net v0.0.0-20190620200207-3b0461eec859/go.mod h1:z5CRVTTTmAJ677TzLLGU+0bjPO0LkuOLi4/5GtJWs/s=
golang.org/x/sync v0.0.0-20190423024810-112230192c58/go.mod h1:RxMgew5VJxzue5/jJTE5uejpjVlOe/izrB70Jof72aM=
golang.org/x/sys v0.0.0-20190215142949-d0b11bdaac8a/go.mod h1:STP8DvDyc/dI5b8T5hshtkjS+E42TnysNCUPdjciGhY=
golang.org/x/text v0.3.0/go.mod h1:NqM8EUOU14njkJ3fqMW+pc6Ldnwhi/IjpwHt7yyuwOQ=
golang.org/x/text v0.3.2 h1:tW2bmiBqwgJj/UpqtC8EpXEZVYOwU0yG4iWbprSVAcs=
golang.org/x/text v0.3.2/go.mod h1:bEr9sfX3Q8Zfm5fL9x+3itogRgK3+ptLWKqgva+5dAk=
golang.org/x/tools v0.0.0-20180917221912-90fa682c2a6e/go.mod h1:n7NCudcB/nEzxVGmLbDWY5pfWTLqBcC2KZ6jyYvM4mQ=
golang.org/x/tools v0.0.0-20190708122732-72ffa07ba3db/go.mod h1:jcCCGcm9btYwXyDqrUWc6MKQKKGJCWEQ3AfLSRIbEuI=
gopkg.in/check.v1 v0.0.0-20161208181325-20d25e280405/go.mod h1:Co6ibVJAznAaIkqp8huTwlJQCZ016jof/cbN4VW5Yz0=
gopkg.in/check.v1 v1.0.0-20180628173108-788fd7840127 h1:qIbj1fsPNlZgppZ+VLlY7N33q108Sa+fhmuc+sWQYwY=
gopkg.in/check.v1 v1.0.0-20180628173108-788fd7840127/go.mod h1:Co6ibVJAznAaIkqp8huTwlJQCZ016jof/cbN4VW5Yz0=
gopkg.in/tylerb/graceful.v1 v1.2.15 h1:1JmOyhKqAyX3BgTXMI84LwT6FOJ4tP2N9e2kwTCM0nQ=
gopkg.in/tylerb/graceful.v1 v1.2.15/go.mod h1:yBhekWvR20ACXVObSSdD3u6S9DeSylanL2PAbAC/uJ8=
gopkg.in/yaml.v2 v2.2.2 h1:ZCJp+EgiOT7lHqUV2J862kp8Qj64Jo6az82+3Td9dZw=
gopkg.in/yaml.v2 v2.2.2/go.mod h1:hI93XBmqTisBFMUTm0b8Fm+jr3Dg1NNxqwp+5A1VGuI=
